{
  "version": 4,
  "terraform_version": "1.9.5",
  "serial": 412,
  "lineage": "a3f1c2d4-0000-4b7e-9c1a-SYNTHETIC-SAMPLE",
  "_workshop_notice": "SYNTHETIC WORKSHOP SAMPLE. Every credential below is invented and every host uses a reserved TLD (.example / .invalid). Nothing here authenticates against anything. See README.md in this directory.",
  "outputs": {
    "db_endpoint": {
      "value": "orders-prod.cluster-ro.db.internal.example:5432",
      "type": "string"
    },
    "runbook_note": {
      "value": "On failover, reconnect with the shared ops account: ops_failover / Autumn2026!Failover  (kept out of the vault so on-call can reach it during an outage)",
      "type": "string"
    },
    "grafana_admin": {
      "value": "admin / grafana-was-never-rotated",
      "type": "string",
      "sensitive": true
    }
  },
  "resources": [
    {
      "mode": "managed",
      "type": "aws_db_instance",
      "name": "orders_prod",
      "provider": "provider[\"registry.terraform.io/hashicorp/aws\"]",
      "instances": [
        {
          "schema_version": 2,
          "attributes": {
            "identifier": "orders-prod",
            "engine": "postgres",
            "engine_version": "15.4",
            "username": "orders_admin",
            "password": "Sunflower-Battery-Horse-19",
            "db_name": "orders",
            "endpoint": "orders-prod.cluster.db.internal.example:5432",
            "publicly_accessible": false,
            "storage_encrypted": true,
            "tags": {
              "Owner": "payments-platform",
              "Notes": "master pw also set as PG_PASSWORD in the CI project settings, keep in sync"
            }
          },
          "sensitive_attributes": [["password"]]
        }
      ]
    },
    {
      "mode": "managed",
      "type": "aws_instance",
      "name": "batch_worker",
      "provider": "provider[\"registry.terraform.io/hashicorp/aws\"]",
      "instances": [
        {
          "schema_version": 1,
          "attributes": {
            "instance_type": "m6i.large",
            "private_ip": "10.42.7.19",
            "user_data": "IyEvYmluL2Jhc2gKZXhwb3J0IEFDTUVfQklMTElOR19LRVk9IkFLLTIwMjYtcHJvZC03ZjNkOTkzMS1iaWxsaW5nIgplY2hvICJvcHNfZmFpbG92ZXI6QXV0dW1uMjAyNiFGYWlsb3ZlciIgPiAvZXRjL2FwcC9jcmVkcy50eHQKY3VybCAtdSByZWxlYXNlYm90OmdscGF0LXNoYXBlZC1idXQtbm90LXJlYWwgaHR0cHM6Ly9wYWNrYWdlcy5pbnRlcm5hbC5leGFtcGxlL2Jvb3RzdHJhcC5zaCB8IGJhc2gK",
            "user_data_replace_on_change": false,
            "tags": {
              "Name": "batch-worker",
              "Role": "nightly-reconciliation"
            }
          },
          "sensitive_attributes": []
        }
      ]
    },
    {
      "mode": "managed",
      "type": "kubernetes_secret",
      "name": "payments_api",
      "provider": "provider[\"registry.terraform.io/hashicorp/kubernetes\"]",
      "instances": [
        {
          "schema_version": 0,
          "attributes": {
            "metadata": [{ "name": "payments-api", "namespace": "payments" }],
            "type": "Opaque",
            "data": {
              "ACME_BILLING_KEY": "QUstMjAyNi1wcm9kLTdmM2Q5OTMxLWJpbGxpbmc=",
              "SMTP_PASSWORD": "cG9zdG1hc3RlckBtYWlsLmludGVybmFsLmV4YW1wbGU6VGgxc0lzVGhlU210cFAhc3M=",
              "SESSION_SIGNING_SEED": "Zm91ci1zY29yZS1hbmQtc2V2ZW4teWVhcnMtYWdvLW91ci1mYXRoZXJz"
            }
          },
          "sensitive_attributes": [["data"]]
        }
      ]
    },
    {
      "mode": "managed",
      "type": "helm_release",
      "name": "internal_dashboard",
      "provider": "provider[\"registry.terraform.io/hashicorp/helm\"]",
      "instances": [
        {
          "schema_version": 1,
          "attributes": {
            "name": "internal-dashboard",
            "chart": "dashboards/internal",
            "version": "2.14.0",
            "values": [
              "auth:\n  mode: basic\n  users:\n    - name: viewer\n      password: dashboard-viewer-2026\n    - name: root\n      password: dashboard-root-2026\noidc:\n  clientId: internal-dashboard\n  clientSecret: ce6f2b41-7d9a-4c58-9e11-not-a-real-guid\nwebhook:\n  url: https://hooks.internal.example/ingest?access_token=wh_9f31c7a24b6d5e8091f2a3b4c5d6e7f8\n"
            ]
          },
          "sensitive_attributes": []
        }
      ]
    },
    {
      "mode": "managed",
      "type": "local_file",
      "name": "deploy_key",
      "provider": "provider[\"registry.terraform.io/hashicorp/local\"]",
      "instances": [
        {
          "schema_version": 0,
          "attributes": {
            "filename": "/opt/deploy/id_ed25519",
            "file_permission": "0600",
            "content": "OPENSSH PRIVATE KEY (armour stripped for storage)\nb3BlbnNzaC1rZXktdjEAAAAABG5vbmUAAAAEbm9uZQAAAAAAAAABAAAAMwAAAAtzc2gt\nZWQyNTUxOQAAACBOT1RBUkVBTEtFWU5PVEFSRUFMS0VZTk9UQVJFQUxLRVlBQQAAAJgS\nc3ludGhldGljLXdvcmtzaG9wLXNhbXBsZS1kby1ub3QtdXNlLWFueXdoZXJlLWV2ZXI=\n",
            "content_md5": "9e107d9d372bb6826bd81d3542a419d6"
          },
          "sensitive_attributes": []
        }
      ]
    },
    {
      "mode": "managed",
      "type": "null_resource",
      "name": "bootstrap_admin",
      "provider": "provider[\"registry.terraform.io/hashicorp/null\"]",
      "instances": [
        {
          "schema_version": 0,
          "attributes": {
            "triggers": {
              "command": "psql \"postgresql://orders_admin:Sunflower-Battery-Horse-19@orders-prod.cluster.db.internal.example:5432/orders?sslmode=require\" -f /tmp/seed.sql",
              "rerun_on": "2026-03-04"
            }
          },
          "sensitive_attributes": []
        }
      ]
    },
    {
      "mode": "managed",
      "type": "aws_ssm_parameter",
      "name": "legacy_service_account",
      "provider": "provider[\"registry.terraform.io/hashicorp/aws\"]",
      "instances": [
        {
          "schema_version": 0,
          "attributes": {
            "name": "/payments/legacy/svc-account",
            "type": "SecureString",
            "value": "svc_payments_legacy:correct-horse-battery-staple",
            "description": "Legacy SOAP gateway. Cannot be rotated without vendor coordination — ticket PAY-4471 open since 2024.",
            "tier": "Standard"
          },
          "sensitive_attributes": [["value"]]
        }
      ]
    },
    {
      "mode": "managed",
      "type": "aws_iam_user_login_profile",
      "name": "contractor",
      "provider": "provider[\"registry.terraform.io/hashicorp/aws\"]",
      "instances": [
        {
          "schema_version": 0,
          "attributes": {
            "user": "contractor-jrivera",
            "password_reset_required": false,
            "password": "Welcome2Acme!",
            "pgp_key": ""
          },
          "sensitive_attributes": [["password"]]
        }
      ]
    },
    {
      "mode": "managed",
      "type": "aws_s3_bucket_object",
      "name": "onboarding_export",
      "provider": "provider[\"registry.terraform.io/hashicorp/aws\"]",
      "instances": [
        {
          "schema_version": 0,
          "attributes": {
            "bucket": "acme-hr-exports",
            "key": "onboarding/2026-02-starters.csv",
            "content": "name,personal_email,mobile,home_address,national_insurance,starting_salary\nJ Rivera,j.rivera.personal@mail.invalid,+44 7700 900461,\"14 Bramble Way, Bristol, BS1 4TT\",QQ123456C,54000\nA Okafor,a.okafor.personal@mail.invalid,+44 7700 900118,\"3 Kingsdown Parade, Bristol, BS6 5UD\",QQ654321B,61000\n",
            "content_type": "text/csv",
            "server_side_encryption": "AES256"
          },
          "sensitive_attributes": []
        }
      ]
    },
    {
      "mode": "managed",
      "type": "aws_secretsmanager_secret_version",
      "name": "vendor_api",
      "provider": "provider[\"registry.terraform.io/hashicorp/aws\"]",
      "instances": [
        {
          "schema_version": 0,
          "attributes": {
            "secret_id": "vendor/acme-billing",
            "secret_string": "{\"api_key\":\"AK-2026-prod-7f3d9931-billing\",\"api_secret\":\"3f8c1d94a6b25e7098c4d3b1a2f5e6d7\",\"endpoint\":\"https://billing.vendor.invalid/v2\",\"note\":\"same key is in the mobile app bundle, cannot rotate before the March release\"}",
            "version_stages": ["AWSCURRENT"]
          },
          "sensitive_attributes": [["secret_string"]]
        }
      ]
    }
  ],
  "check_results": null
}
